
Microsoft Visual Studio Solution File, Format Version 12.00
# Visual Studio Version 17
VisualStudioVersion = 17.9.34728.123
MinimumVisualStudioVersion = 10.0.40219.1
Project("{FAE04EC0-301F-11D3-BF4B-00C04F79EFBC}") = "ChataPDV", "ChataPDV\ChataPDV.csproj", "{25156743-9448-4863-BEB1-15DB9B872C6A}"
EndProject
Global
	GlobalSection(SolutionConfigurationPlatforms) = preSolution
		Debug|Any CPU = Debug|Any CPU
		Release|Any CPU = Release|Any CPU
	EndGlobalSection
	GlobalSection(ProjectConfigurationPlatforms) = postSolution
		{25156743-9448-4863-BEB1-15DB9B872C6A}.Debug|Any CPU.ActiveCfg = Debug|Any CPU
		{25156743-9448-4863-BEB1-15DB9B872C6A}.Debug|Any CPU.Build.0 = Debug|Any CPU
		{25156743-9448-4863-BEB1-15DB9B872C6A}.Release|Any CPU.ActiveCfg = Release|Any CPU
		{25156743-9448-4863-BEB1-15DB9B872C6A}.Release|Any CPU.Build.0 = Release|Any CPU
	EndGlobalSection
	GlobalSection(SolutionProperties) = preSolution
		HideSolutionNode = FALSE
	EndGlobalSection
	GlobalSection(ExtensibilityGlobals) = postSolution
		SolutionGuid = {595EB812-C757-441C-8F1A-5F3C75517D94}
	EndGlobalSection
EndGlobal
